// !$*UTF8*$!
{
	archiveVersion = 1;
	classes = {
	};
	objectVersion = 46;
	objects = {

/* Begin PBXBuildFile section */
		2B2853EF14D2B46500C637E3 /* UIKit.framework in Frameworks */ = {isa = PBXBuildFile; fileRef = 2B2853EE14D2B46500C637E3 /* UIKit.framework */; };
		2B2853F114D2B46500C637E3 /* Foundation.framework in Frameworks */ = {isa = PBXBuildFile; fileRef = 2B2853F014D2B46500C637E3 /* Foundation.framework */; };
		2B2853F314D2B46500C637E3 /* CoreGraphics.framework in Frameworks */ = {isa = PBXBuildFile; fileRef = 2B2853F214D2B46500C637E3 /* CoreGraphics.framework */; };
		2B2853F914D2B46500C637E3 /* InfoPlist.strings in Resources */ = {isa = PBXBuildFile; fileRef = 2B2853F714D2B46500C637E3 /* InfoPlist.strings */; };
		2B2853FB14D2B46500C637E3 /* main.m in Sources */ = {isa = PBXBuildFile; fileRef = 2B2853FA14D2B46500C637E3 /* main.m */; };
		2B2853FF14D2B46500C637E3 /* AppDelegate.m in Sources */ = {isa = PBXBuildFile; fileRef = 2B2853FE14D2B46500C637E3 /* AppDelegate.m */; };
		2B28540214D2B46500C637E3 /* FirstViewController.m in Sources */ = {isa = PBXBuildFile; fileRef = 2B28540114D2B46500C637E3 /* FirstViewController.m */; };
		2B28540414D2B46500C637E3 /* first.png in Resources */ = {isa = PBXBuildFile; fileRef = 2B28540314D2B46500C637E3 /* first.png */; };
		2B28540614D2B46500C637E3 /* first@2x.png in Resources */ = {isa = PBXBuildFile; fileRef = 2B28540514D2B46500C637E3 /* first@2x.png */; };
		2B28540914D2B46500C637E3 /* SettingsViewController.m in Sources */ = {isa = PBXBuildFile; fileRef = 2B28540814D2B46500C637E3 /* SettingsViewController.m */; };
		2B28540B14D2B46500C637E3 /* second.png in Resources */ = {isa = PBXBuildFile; fileRef = 2B28540A14D2B46500C637E3 /* second.png */; };
		2B28540D14D2B46500C637E3 /* second@2x.png in Resources */ = {isa = PBXBuildFile; fileRef = 2B28540C14D2B46500C637E3 /* second@2x.png */; };
		2B28541014D2B46500C637E3 /* FirstViewController.xib in Resources */ = {isa = PBXBuildFile; fileRef = 2B28540E14D2B46500C637E3 /* FirstViewController.xib */; };
		2B28541314D2B46500C637E3 /* SettingsViewController.xib in Resources */ = {isa = PBXBuildFile; fileRef = 2B28541114D2B46500C637E3 /* SettingsViewController.xib */; };
		2B28541B14D2B68700C637E3 /* 157-wrench.png in Resources */ = {isa = PBXBuildFile; fileRef = 2B28541914D2B68700C637E3 /* 157-wrench.png */; };
		2B28541C14D2B68700C637E3 /* 157-wrench@2x.png in Resources */ = {isa = PBXBuildFile; fileRef = 2B28541A14D2B68700C637E3 /* 157-wrench@2x.png */; };
		2B28541F14D2B7DF00C637E3 /* 78-stopwatch.png in Resources */ = {isa = PBXBuildFile; fileRef = 2B28541D14D2B7DF00C637E3 /* 78-stopwatch.png */; };
		2B28542014D2B7DF00C637E3 /* 78-stopwatch@2x.png in Resources */ = {isa = PBXBuildFile; fileRef = 2B28541E14D2B7DF00C637E3 /* 78-stopwatch@2x.png */; };
/* End PBXBuildFile section */

/* Begin PBXFileReference section */
		2B2853EA14D2B46500C637E3 /* PachTally.app */ = {isa = PBXFileReference; explicitFileType = wrapper.application; includeInIndex = 0; path = PachTally.app; sourceTree = BUILT_PRODUCTS_DIR; };
		2B2853EE14D2B46500C637E3 /* UIKit.framework */ = {isa = PBXFileReference; lastKnownFileType = wrapper.framework; name = UIKit.framework; path = System/Library/Frameworks/UIKit.framework; sourceTree = SDKROOT; };
		2B2853F014D2B46500C637E3 /* Foundation.framework */ = {isa = PBXFileReference; lastKnownFileType = wrapper.framework; name = Foundation.framework; path = System/Library/Frameworks/Foundation.framework; sourceTree = SDKROOT; };
		2B2853F214D2B46500C637E3 /* CoreGraphics.framework */ = {isa = PBXFileReference; lastKnownFileType = wrapper.framework; name = CoreGraphics.framework; path = System/Library/Frameworks/CoreGraphics.framework; sourceTree = SDKROOT; };
		2B2853F614D2B46500C637E3 /* PachTally-Info.plist */ = {isa = PBXFileReference; lastKnownFileType = text.plist.xml; path = "PachTally-Info.plist"; sourceTree = "<group>"; };
		2B2853F814D2B46500C637E3 /* en */ = {isa = PBXFileReference; lastKnownFileType = text.plist.strings; name = en; path = en.lproj/InfoPlist.strings; sourceTree = "<group>"; };
		2B2853FA14D2B46500C637E3 /* main.m */ = {isa = PBXFileReference; lastKnownFileType = sourcecode.c.objc; path = main.m; sourceTree = "<group>"; };
		2B2853FC14D2B46500C637E3 /* PachTally-Prefix.pch */ = {isa = PBXFileReference; lastKnownFileType = sourcecode.c.h; path = "PachTally-Prefix.pch"; sourceTree = "<group>"; };
		2B2853FD14D2B46500C637E3 /* AppDelegate.h */ = {isa = PBXFileReference; lastKnownFileType = sourcecode.c.h; path = AppDelegate.h; sourceTree = "<group>"; };
		2B2853FE14D2B46500C637E3 /* AppDelegate.m */ = {isa = PBXFileReference; lastKnownFileType = sourcecode.c.objc; path = AppDelegate.m; sourceTree = "<group>"; };
		2B28540014D2B46500C637E3 /* FirstViewController.h */ = {isa = PBXFileReference; lastKnownFileType = sourcecode.c.h; path = FirstViewController.h; sourceTree = "<group>"; };
		2B28540114D2B46500C637E3 /* FirstViewController.m */ = {isa = PBXFileReference; lastKnownFileType = sourcecode.c.objc; path = FirstViewController.m; sourceTree = "<group>"; };
		2B28540314D2B46500C637E3 /* first.png */ = {isa = PBXFileReference; lastKnownFileType = image.png; path = first.png; sourceTree = "<group>"; };
		2B28540514D2B46500C637E3 /* first@2x.png */ = {isa = PBXFileReference; lastKnownFileType = image.png; path = "first@2x.png"; sourceTree = "<group>"; };
		2B28540714D2B46500C637E3 /* SettingsViewController.h */ = {isa = PBXFileReference; lastKnownFileType = sourcecode.c.h; path = SettingsViewController.h; sourceTree = "<group>"; };
		2B28540814D2B46500C637E3 /* SettingsViewController.m */ = {isa = PBXFileReference; lastKnownFileType = sourcecode.c.objc; path = SettingsViewController.m; sourceTree = "<group>"; };
		2B28540A14D2B46500C637E3 /* second.png */ = {isa = PBXFileReference; lastKnownFileType = image.png; path = second.png; sourceTree = "<group>"; };
		2B28540C14D2B46500C637E3 /* second@2x.png */ = {isa = PBXFileReference; lastKnownFileType = image.png; path = "second@2x.png"; sourceTree = "<group>"; };
		2B28540F14D2B46500C637E3 /* en */ = {isa = PBXFileReference; lastKnownFileType = file.xib; name = en; path = en.lproj/FirstViewController.xib; sourceTree = "<group>"; };
		2B28541214D2B46500C637E3 /* en */ = {isa = PBXFileReference; lastKnownFileType = file.xib; name = en; path = en.lproj/SettingsViewController.xib; sourceTree = "<group>"; };
		2B28541914D2B68700C637E3 /* 157-wrench.png */ = {isa = PBXFileReference; lastKnownFileType = image.png; path = "157-wrench.png"; sourceTree = "<group>"; };
		2B28541A14D2B68700C637E3 /* 157-wrench@2x.png */ = {isa = PBXFileReference; lastKnownFileType = image.png; path = "157-wrench@2x.png"; sourceTree = "<group>"; };
		2B28541D14D2B7DF00C637E3 /* 78-stopwatch.png */ = {isa = PBXFileReference; lastKnownFileType = image.png; path = "78-stopwatch.png"; sourceTree = "<group>"; };
		2B28541E14D2B7DF00C637E3 /* 78-stopwatch@2x.png */ = {isa = PBXFileReference; lastKnownFileType = image.png; path = "78-stopwatch@2x.png"; sourceTree = "<group>"; };
/* End PBXFileReference section */

/* Begin PBXFrameworksBuildPhase section */
		2B2853E714D2B46500C637E3 /* Frameworks */ = {
			isa = PBXFrameworksBuildPhase;
			buildActionMask = 2147483647;
			files = (
				2B2853EF14D2B46500C637E3 /* UIKit.framework in Frameworks */,
				2B2853F114D2B46500C637E3 /* Foundation.framework in Frameworks */,
				2B2853F314D2B46500C637E3 /* CoreGraphics.framework in Frameworks */,
			);
			runOnlyForDeploymentPostprocessing = 0;
		};
/* End PBXFrameworksBuildPhase section */

/* Begin PBXGroup section */
		2B2853DF14D2B46400C637E3 = {
			isa = PBXGroup;
			children = (
				2B2853F414D2B46500C637E3 /* PachTally */,
				2B2853ED14D2B46500C637E3 /* Frameworks */,
				2B2853EB14D2B46500C637E3 /* Products */,
			);
			sourceTree = "<group>";
		};
		2B2853EB14D2B46500C637E3 /* Products */ = {
			isa = PBXGroup;
			children = (
				2B2853EA14D2B46500C637E3 /* PachTally.app */,
			);
			name = Products;
			sourceTree = "<group>";
		};
		2B2853ED14D2B46500C637E3 /* Frameworks */ = {
			isa = PBXGroup;
			children = (
				2B2853EE14D2B46500C637E3 /* UIKit.framework */,
				2B2853F014D2B46500C637E3 /* Foundation.framework */,
				2B2853F214D2B46500C637E3 /* CoreGraphics.framework */,
			);
			name = Frameworks;
			sourceTree = "<group>";
		};
		2B2853F414D2B46500C637E3 /* PachTally */ = {
			isa = PBXGroup;
			children = (
				2B28541D14D2B7DF00C637E3 /* 78-stopwatch.png */,
				2B28541E14D2B7DF00C637E3 /* 78-stopwatch@2x.png */,
				2B28541914D2B68700C637E3 /* 157-wrench.png */,
				2B28541A14D2B68700C637E3 /* 157-wrench@2x.png */,
				2B2853FD14D2B46500C637E3 /* AppDelegate.h */,
				2B2853FE14D2B46500C637E3 /* AppDelegate.m */,
				2B28540014D2B46500C637E3 /* FirstViewController.h */,
				2B28540114D2B46500C637E3 /* FirstViewController.m */,
				2B28540314D2B46500C637E3 /* first.png */,
				2B28540514D2B46500C637E3 /* first@2x.png */,
				2B28540714D2B46500C637E3 /* SettingsViewController.h */,
				2B28540814D2B46500C637E3 /* SettingsViewController.m */,
				2B28540A14D2B46500C637E3 /* second.png */,
				2B28540C14D2B46500C637E3 /* second@2x.png */,
				2B28540E14D2B46500C637E3 /* FirstViewController.xib */,
				2B28541114D2B46500C637E3 /* SettingsViewController.xib */,
				2B2853F514D2B46500C637E3 /* Supporting Files */,
			);
			path = PachTally;
			sourceTree = "<group>";
		};
		2B2853F514D2B46500C637E3 /* Supporting Files */ = {
			isa = PBXGroup;
			children = (
				2B2853F614D2B46500C637E3 /* PachTally-Info.plist */,
				2B2853F714D2B46500C637E3 /* InfoPlist.strings */,
				2B2853FA14D2B46500C637E3 /* main.m */,
				2B2853FC14D2B46500C637E3 /* PachTally-Prefix.pch */,
			);
			name = "Supporting Files";
			sourceTree = "<group>";
		};
/* End PBXGroup section */

/* Begin PBXNativeTarget section */
		2B2853E914D2B46500C637E3 /* PachTally */ = {
			isa = PBXNativeTarget;
			buildConfigurationList = 2B28541614D2B46500C637E3 /* Build configuration list for PBXNativeTarget "PachTally" */;
			buildPhases = (
				2B2853E614D2B46500C637E3 /* Sources */,
				2B2853E714D2B46500C637E3 /* Frameworks */,
				2B2853E814D2B46500C637E3 /* Resources */,
			);
			buildRules = (
			);
			dependencies = (
			);
			name = PachTally;
			productName = PachTally;
			productReference = 2B2853EA14D2B46500C637E3 /* PachTally.app */;
			productType = "com.apple.product-type.application";
		};
/* End PBXNativeTarget section */

/* Begin PBXProject section */
		2B2853E114D2B46400C637E3 /* Project object */ = {
			isa = PBXProject;
			attributes = {
				LastUpgradeCheck = 0420;
			};
			buildConfigurationList = 2B2853E414D2B46400C637E3 /* Build configuration list for PBXProject "PachTally" */;
			compatibilityVersion = "Xcode 3.2";
			developmentRegion = English;
			hasScannedForEncodings = 0;
			knownRegions = (
				en,
			);
			mainGroup = 2B2853DF14D2B46400C637E3;
			productRefGroup = 2B2853EB14D2B46500C637E3 /* Products */;
			projectDirPath = "";
			projectRoot = "";
			targets = (
				2B2853E914D2B46500C637E3 /* PachTally */,
			);
		};
/* End PBXProject section */

/* Begin PBXResourcesBuildPhase section */
		2B2853E814D2B46500C637E3 /* Resources */ = {
			isa = PBXResourcesBuildPhase;
			buildActionMask = 2147483647;
			files = (
				2B2853F914D2B46500C637E3 /* InfoPlist.strings in Resources */,
				2B28540414D2B46500C637E3 /* first.png in Resources */,
				2B28540614D2B46500C637E3 /* first@2x.png in Resources */,
				2B28540B14D2B46500C637E3 /* second.png in Resources */,
				2B28540D14D2B46500C637E3 /* second@2x.png in Resources */,
				2B28541014D2B46500C637E3 /* FirstViewController.xib in Resources */,
				2B28541314D2B46500C637E3 /* SettingsViewController.xib in Resources */,
				2B28541B14D2B68700C637E3 /* 157-wrench.png in Resources */,
				2B28541C14D2B68700C637E3 /* 157-wrench@2x.png in Resources */,
				2B28541F14D2B7DF00C637E3 /* 78-stopwatch.png in Resources */,
				2B28542014D2B7DF00C637E3 /* 78-stopwatch@2x.png in Resources */,
			);
			runOnlyForDeploymentPostprocessing = 0;
		};
/* End PBXResourcesBuildPhase section */

/* Begin PBXSourcesBuildPhase section */
		2B2853E614D2B46500C637E3 /* Sources */ = {
			isa = PBXSourcesBuildPhase;
			buildActionMask = 2147483647;
			files = (
				2B2853FB14D2B46500C637E3 /* main.m in Sources */,
				2B2853FF14D2B46500C637E3 /* AppDelegate.m in Sources */,
				2B28540214D2B46500C637E3 /* FirstViewController.m in Sources */,
				2B28540914D2B46500C637E3 /* SettingsViewController.m in Sources */,
			);
			runOnlyForDeploymentPostprocessing = 0;
		};
/* End PBXSourcesBuildPhase section */

/* Begin PBXVariantGroup section */
		2B2853F714D2B46500C637E3 /* InfoPlist.strings */ = {
			isa = PBXVariantGroup;
			children = (
				2B2853F814D2B46500C637E3 /* en */,
			);
			name = InfoPlist.strings;
			sourceTree = "<group>";
		};
		2B28540E14D2B46500C637E3 /* FirstViewController.xib */ = {
			isa = PBXVariantGroup;
			children = (
				2B28540F14D2B46500C637E3 /* en */,
			);
			name = FirstViewController.xib;
			sourceTree = "<group>";
		};
		2B28541114D2B46500C637E3 /* SettingsViewController.xib */ = {
			isa = PBXVariantGroup;
			children = (
				2B28541214D2B46500C637E3 /* en */,
			);
			name = SettingsViewController.xib;
			sourceTree = "<group>";
		};
/* End PBXVariantGroup section */

/* Begin XCBuildConfiguration section */
		2B28541414D2B46500C637E3 /* Debug */ = {
			isa = XCBuildConfiguration;
			buildSettings = {
				ALWAYS_SEARCH_USER_PATHS = NO;
				ARCHS = "$(ARCHS_STANDARD_32_BIT)";
				CLANG_ENABLE_OBJC_ARC = YES;
				"CODE_SIGN_IDENTITY[sdk=iphoneos*]" = "iPhone Developer";
				COPY_PHASE_STRIP = NO;
				GCC_C_LANGUAGE_STANDARD = gnu99;
				GCC_DYNAMIC_NO_PIC = NO;
				GCC_OPTIMIZATION_LEVEL = 0;
				GCC_PREPROCESSOR_DEFINITIONS = (
					"DEBUG=1",
					"$(inherited)",
				);
				GCC_SYMBOLS_PRIVATE_EXTERN = NO;
				GCC_VERSION = com.apple.compilers.llvm.clang.1_0;
				GCC_WARN_ABOUT_MISSING_PROTOTYPES = YES;
				GCC_WARN_ABOUT_RETURN_TYPE = YES;
				GCC_WARN_UNUSED_VARIABLE = YES;
				IPHONEOS_DEPLOYMENT_TARGET = 5.0;
				SDKROOT = iphoneos;
			};
			name = Debug;
		};
		2B28541514D2B46500C637E3 /* Release */ = {
			isa = XCBuildConfiguration;
			buildSettings = {
				ALWAYS_SEARCH_USER_PATHS = NO;
				ARCHS = "$(ARCHS_STANDARD_32_BIT)";
				CLANG_ENABLE_OBJC_ARC = YES;
				"CODE_SIGN_IDENTITY[sdk=iphoneos*]" = "iPhone Developer";
				COPY_PHASE_STRIP = YES;
				GCC_C_LANGUAGE_STANDARD = gnu99;
				GCC_VERSION = com.apple.compilers.llvm.clang.1_0;
				GCC_WARN_ABOUT_MISSING_PROTOTYPES = YES;
				GCC_WARN_ABOUT_RETURN_TYPE = YES;
				GCC_WARN_UNUSED_VARIABLE = YES;
				IPHONEOS_DEPLOYMENT_TARGET = 5.0;
				OTHER_CFLAGS = "-DNS_BLOCK_ASSERTIONS=1";
				SDKROOT = iphoneos;
				VALIDATE_PRODUCT = YES;
			};
			name = Release;
		};
		2B28541714D2B46500C637E3 /* Debug */ = {
			isa = XCBuildConfiguration;
			buildSettings = {
				GCC_PRECOMPILE_PREFIX_HEADER = YES;
				GCC_PREFIX_HEADER = "PachTally/PachTally-Prefix.pch";
				INFOPLIST_FILE = "PachTally/PachTally-Info.plist";
				PRODUCT_NAME = "$(TARGET_NAME)";
				WRAPPER_EXTENSION = app;
			};
			name = Debug;
		};
		2B28541814D2B46500C637E3 /* Release */ = {
			isa = XCBuildConfiguration;
			buildSettings = {
				GCC_PRECOMPILE_PREFIX_HEADER = YES;
				GCC_PREFIX_HEADER = "PachTally/PachTally-Prefix.pch";
				INFOPLIST_FILE = "PachTally/PachTally-Info.plist";
				PRODUCT_NAME = "$(TARGET_NAME)";
				WRAPPER_EXTENSION = app;
			};
			name = Release;
		};
/* End XCBuildConfiguration section */

/* Begin XCConfigurationList section */
		2B2853E414D2B46400C637E3 /* Build configuration list for PBXProject "PachTally" */ = {
			isa = XCConfigurationList;
			buildConfigurations = (
				2B28541414D2B46500C637E3 /* Debug */,
				2B28541514D2B46500C637E3 /* Release */,
			);
			defaultConfigurationIsVisible = 0;
			defaultConfigurationName = Release;
		};
		2B28541614D2B46500C637E3 /* Build configuration list for PBXNativeTarget "PachTally" */ = {
			isa = XCConfigurationList;
			buildConfigurations = (
				2B28541714D2B46500C637E3 /* Debug */,
				2B28541814D2B46500C637E3 /* Release */,
			);
			defaultConfigurationIsVisible = 0;
		};
/* End XCConfigurationList section */
	};
	rootObject = 2B2853E114D2B46400C637E3 /* Project object */;
}
