// !$*UTF8*$!
{
	archiveVersion = 1;
	classes = {
	};
	objectVersion = 46;
	objects = {

/* Begin PBXBuildFile section */
		2B0F7BF714D9C3FB007D9B34 /* CKSparkline.m in Sources */ = {isa = PBXBuildFile; fileRef = 2B0F7BF614D9C3FB007D9B34 /* CKSparkline.m */; };
		2B2853EF14D2B46500C637E3 /* UIKit.framework in Frameworks */ = {isa = PBXBuildFile; fileRef = 2B2853EE14D2B46500C637E3 /* UIKit.framework */; };
		2B2853F114D2B46500C637E3 /* Foundation.framework in Frameworks */ = {isa = PBXBuildFile; fileRef = 2B2853F014D2B46500C637E3 /* Foundation.framework */; };
		2B2853F314D2B46500C637E3 /* CoreGraphics.framework in Frameworks */ = {isa = PBXBuildFile; fileRef = 2B2853F214D2B46500C637E3 /* CoreGraphics.framework */; };
		2B2853F914D2B46500C637E3 /* InfoPlist.strings in Resources */ = {isa = PBXBuildFile; fileRef = 2B2853F714D2B46500C637E3 /* InfoPlist.strings */; };
		2B2853FB14D2B46500C637E3 /* main.m in Sources */ = {isa = PBXBuildFile; fileRef = 2B2853FA14D2B46500C637E3 /* main.m */; };
		2B2853FF14D2B46500C637E3 /* AppDelegate.m in Sources */ = {isa = PBXBuildFile; fileRef = 2B2853FE14D2B46500C637E3 /* AppDelegate.m */; };
		2B28540214D2B46500C637E3 /* TallyViewController.m in Sources */ = {isa = PBXBuildFile; fileRef = 2B28540114D2B46500C637E3 /* TallyViewController.m */; };
		2B28540414D2B46500C637E3 /* first.png in Resources */ = {isa = PBXBuildFile; fileRef = 2B28540314D2B46500C637E3 /* first.png */; };
		2B28540614D2B46500C637E3 /* first@2x.png in Resources */ = {isa = PBXBuildFile; fileRef = 2B28540514D2B46500C637E3 /* first@2x.png */; };
		2B28540914D2B46500C637E3 /* SettingsViewController.m in Sources */ = {isa = PBXBuildFile; fileRef = 2B28540814D2B46500C637E3 /* SettingsViewController.m */; };
		2B28540B14D2B46500C637E3 /* second.png in Resources */ = {isa = PBXBuildFile; fileRef = 2B28540A14D2B46500C637E3 /* second.png */; };
		2B28540D14D2B46500C637E3 /* second@2x.png in Resources */ = {isa = PBXBuildFile; fileRef = 2B28540C14D2B46500C637E3 /* second@2x.png */; };
		2B28541014D2B46500C637E3 /* TallyViewController.xib in Resources */ = {isa = PBXBuildFile; fileRef = 2B28540E14D2B46500C637E3 /* TallyViewController.xib */; };
		2B28541314D2B46500C637E3 /* SettingsViewController.xib in Resources */ = {isa = PBXBuildFile; fileRef = 2B28541114D2B46500C637E3 /* SettingsViewController.xib */; };
		2B28541B14D2B68700C637E3 /* 157-wrench.png in Resources */ = {isa = PBXBuildFile; fileRef = 2B28541914D2B68700C637E3 /* 157-wrench.png */; };
		2B28541C14D2B68700C637E3 /* 157-wrench@2x.png in Resources */ = {isa = PBXBuildFile; fileRef = 2B28541A14D2B68700C637E3 /* 157-wrench@2x.png */; };
		2B28541F14D2B7DF00C637E3 /* 78-stopwatch.png in Resources */ = {isa = PBXBuildFile; fileRef = 2B28541D14D2B7DF00C637E3 /* 78-stopwatch.png */; };
		2B28542014D2B7DF00C637E3 /* 78-stopwatch@2x.png in Resources */ = {isa = PBXBuildFile; fileRef = 2B28541E14D2B7DF00C637E3 /* 78-stopwatch@2x.png */; };
		2B28543A14D2DB6300C637E3 /* NSObject+SBJson.m in Sources */ = {isa = PBXBuildFile; fileRef = 2B28542214D2DB6000C637E3 /* NSObject+SBJson.m */; };
		2B28543B14D2DB6300C637E3 /* SBJsonParser.m in Sources */ = {isa = PBXBuildFile; fileRef = 2B28542514D2DB6000C637E3 /* SBJsonParser.m */; };
		2B28543C14D2DB6300C637E3 /* SBJsonStreamParser.m in Sources */ = {isa = PBXBuildFile; fileRef = 2B28542714D2DB6100C637E3 /* SBJsonStreamParser.m */; };
		2B28543D14D2DB6300C637E3 /* SBJsonStreamParserAccumulator.m in Sources */ = {isa = PBXBuildFile; fileRef = 2B28542914D2DB6100C637E3 /* SBJsonStreamParserAccumulator.m */; };
		2B28543E14D2DB6300C637E3 /* SBJsonStreamParserAdapter.m in Sources */ = {isa = PBXBuildFile; fileRef = 2B28542B14D2DB6100C637E3 /* SBJsonStreamParserAdapter.m */; };
		2B28543F14D2DB6300C637E3 /* SBJsonStreamParserState.m in Sources */ = {isa = PBXBuildFile; fileRef = 2B28542D14D2DB6200C637E3 /* SBJsonStreamParserState.m */; };
		2B28544014D2DB6300C637E3 /* SBJsonStreamWriter.m in Sources */ = {isa = PBXBuildFile; fileRef = 2B28542F14D2DB6200C637E3 /* SBJsonStreamWriter.m */; };
		2B28544114D2DB6300C637E3 /* SBJsonStreamWriterAccumulator.m in Sources */ = {isa = PBXBuildFile; fileRef = 2B28543114D2DB6200C637E3 /* SBJsonStreamWriterAccumulator.m */; };
		2B28544214D2DB6300C637E3 /* SBJsonStreamWriterState.m in Sources */ = {isa = PBXBuildFile; fileRef = 2B28543314D2DB6200C637E3 /* SBJsonStreamWriterState.m */; };
		2B28544314D2DB6300C637E3 /* SBJsonTokeniser.m in Sources */ = {isa = PBXBuildFile; fileRef = 2B28543514D2DB6300C637E3 /* SBJsonTokeniser.m */; };
		2B28544414D2DB6300C637E3 /* SBJsonUTF8Stream.m in Sources */ = {isa = PBXBuildFile; fileRef = 2B28543714D2DB6300C637E3 /* SBJsonUTF8Stream.m */; };
		2B28544514D2DB6300C637E3 /* SBJsonWriter.m in Sources */ = {isa = PBXBuildFile; fileRef = 2B28543914D2DB6300C637E3 /* SBJsonWriter.m */; };
		2B28544C14D2F6C500C637E3 /* CoreLocation.framework in Frameworks */ = {isa = PBXBuildFile; fileRef = 2B28544B14D2F6C500C637E3 /* CoreLocation.framework */; };
		2B50857B14DBFF200030A045 /* icon@2x.png in Resources */ = {isa = PBXBuildFile; fileRef = 2B50857A14DBFF200030A045 /* icon@2x.png */; };
		2B50857D14DBFF230030A045 /* icon.png in Resources */ = {isa = PBXBuildFile; fileRef = 2B50857C14DBFF230030A045 /* icon.png */; };
		2B50858014DC02670030A045 /* QuartzCore.framework in Frameworks */ = {isa = PBXBuildFile; fileRef = 2B50857E14DC024D0030A045 /* QuartzCore.framework */; };
		2B50858314DC038D0030A045 /* ButtonWithColor.m in Sources */ = {isa = PBXBuildFile; fileRef = 2B50858214DC038D0030A045 /* ButtonWithColor.m */; };
		2B7568AD14E468BF00AD168D /* OAuthRequestController.m in Sources */ = {isa = PBXBuildFile; fileRef = 2B7568AB14E468BF00AD168D /* OAuthRequestController.m */; };
		2B7568AE14E468BF00AD168D /* OAuthRequestController.xib in Resources */ = {isa = PBXBuildFile; fileRef = 2B7568AC14E468BF00AD168D /* OAuthRequestController.xib */; };
		2B7568B114E46CD900AD168D /* MobileCoreServices.framework in Frameworks */ = {isa = PBXBuildFile; fileRef = 2B7568AF14E46CCE00AD168D /* MobileCoreServices.framework */; };
		2BB8548B14E69EE000A1B0F4 /* Feed.m in Sources */ = {isa = PBXBuildFile; fileRef = 2BB8548A14E69EE000A1B0F4 /* Feed.m */; };
		2BB8549214E6A20A00A1B0F4 /* FeedDelegate.m in Sources */ = {isa = PBXBuildFile; fileRef = 2BB8549114E6A20A00A1B0F4 /* FeedDelegate.m */; };
/* End PBXBuildFile section */

/* Begin PBXFileReference section */
		2B0F7BF514D9C3FB007D9B34 /* CKSparkline.h */ = {isa = PBXFileReference; fileEncoding = 4; lastKnownFileType = sourcecode.c.h; name = CKSparkline.h; path = ../../cksparkline/src/CKSparkline.h; sourceTree = "<group>"; };
		2B0F7BF614D9C3FB007D9B34 /* CKSparkline.m */ = {isa = PBXFileReference; fileEncoding = 4; lastKnownFileType = sourcecode.c.objc; name = CKSparkline.m; path = ../../cksparkline/src/CKSparkline.m; sourceTree = "<group>"; };
		2B2853EA14D2B46500C637E3 /* IoTally.app */ = {isa = PBXFileReference; explicitFileType = wrapper.application; includeInIndex = 0; path = IoTally.app; sourceTree = BUILT_PRODUCTS_DIR; };
		2B2853EE14D2B46500C637E3 /* UIKit.framework */ = {isa = PBXFileReference; lastKnownFileType = wrapper.framework; name = UIKit.framework; path = System/Library/Frameworks/UIKit.framework; sourceTree = SDKROOT; };
		2B2853F014D2B46500C637E3 /* Foundation.framework */ = {isa = PBXFileReference; lastKnownFileType = wrapper.framework; name = Foundation.framework; path = System/Library/Frameworks/Foundation.framework; sourceTree = SDKROOT; };
		2B2853F214D2B46500C637E3 /* CoreGraphics.framework */ = {isa = PBXFileReference; lastKnownFileType = wrapper.framework; name = CoreGraphics.framework; path = System/Library/Frameworks/CoreGraphics.framework; sourceTree = SDKROOT; };
		2B2853F614D2B46500C637E3 /* IoTally-Info.plist */ = {isa = PBXFileReference; lastKnownFileType = text.plist.xml; path = "IoTally-Info.plist"; sourceTree = "<group>"; };
		2B2853F814D2B46500C637E3 /* en */ = {isa = PBXFileReference; lastKnownFileType = text.plist.strings; name = en; path = en.lproj/InfoPlist.strings; sourceTree = "<group>"; };
		2B2853FA14D2B46500C637E3 /* main.m */ = {isa = PBXFileReference; lastKnownFileType = sourcecode.c.objc; path = main.m; sourceTree = "<group>"; };
		2B2853FC14D2B46500C637E3 /* IoTally-Prefix.pch */ = {isa = PBXFileReference; lastKnownFileType = sourcecode.c.h; path = "IoTally-Prefix.pch"; sourceTree = "<group>"; };
		2B2853FD14D2B46500C637E3 /* AppDelegate.h */ = {isa = PBXFileReference; lastKnownFileType = sourcecode.c.h; path = AppDelegate.h; sourceTree = "<group>"; };
		2B2853FE14D2B46500C637E3 /* AppDelegate.m */ = {isa = PBXFileReference; lastKnownFileType = sourcecode.c.objc; path = AppDelegate.m; sourceTree = "<group>"; };
		2B28540014D2B46500C637E3 /* TallyViewController.h */ = {isa = PBXFileReference; lastKnownFileType = sourcecode.c.h; path = TallyViewController.h; sourceTree = "<group>"; };
		2B28540114D2B46500C637E3 /* TallyViewController.m */ = {isa = PBXFileReference; lastKnownFileType = sourcecode.c.objc; path = TallyViewController.m; sourceTree = "<group>"; };
		2B28540314D2B46500C637E3 /* first.png */ = {isa = PBXFileReference; lastKnownFileType = image.png; path = first.png; sourceTree = "<group>"; };
		2B28540514D2B46500C637E3 /* first@2x.png */ = {isa = PBXFileReference; lastKnownFileType = image.png; path = "first@2x.png"; sourceTree = "<group>"; };
		2B28540714D2B46500C637E3 /* SettingsViewController.h */ = {isa = PBXFileReference; lastKnownFileType = sourcecode.c.h; path = SettingsViewController.h; sourceTree = "<group>"; };
		2B28540814D2B46500C637E3 /* SettingsViewController.m */ = {isa = PBXFileReference; lastKnownFileType = sourcecode.c.objc; path = SettingsViewController.m; sourceTree = "<group>"; };
		2B28540A14D2B46500C637E3 /* second.png */ = {isa = PBXFileReference; lastKnownFileType = image.png; path = second.png; sourceTree = "<group>"; };
		2B28540C14D2B46500C637E3 /* second@2x.png */ = {isa = PBXFileReference; lastKnownFileType = image.png; path = "second@2x.png"; sourceTree = "<group>"; };
		2B28540F14D2B46500C637E3 /* en */ = {isa = PBXFileReference; lastKnownFileType = file.xib; name = en; path = en.lproj/TallyViewController.xib; sourceTree = "<group>"; };
		2B28541214D2B46500C637E3 /* en */ = {isa = PBXFileReference; lastKnownFileType = file.xib; name = en; path = en.lproj/SettingsViewController.xib; sourceTree = "<group>"; };
		2B28541914D2B68700C637E3 /* 157-wrench.png */ = {isa = PBXFileReference; lastKnownFileType = image.png; path = "157-wrench.png"; sourceTree = "<group>"; };
		2B28541A14D2B68700C637E3 /* 157-wrench@2x.png */ = {isa = PBXFileReference; lastKnownFileType = image.png; path = "157-wrench@2x.png"; sourceTree = "<group>"; };
		2B28541D14D2B7DF00C637E3 /* 78-stopwatch.png */ = {isa = PBXFileReference; lastKnownFileType = image.png; path = "78-stopwatch.png"; sourceTree = "<group>"; };
		2B28541E14D2B7DF00C637E3 /* 78-stopwatch@2x.png */ = {isa = PBXFileReference; lastKnownFileType = image.png; path = "78-stopwatch@2x.png"; sourceTree = "<group>"; };
		2B28542114D2DB6000C637E3 /* NSObject+SBJson.h */ = {isa = PBXFileReference; fileEncoding = 4; lastKnownFileType = sourcecode.c.h; path = "NSObject+SBJson.h"; sourceTree = "<group>"; };
		2B28542214D2DB6000C637E3 /* NSObject+SBJson.m */ = {isa = PBXFileReference; fileEncoding = 4; lastKnownFileType = sourcecode.c.objc; path = "NSObject+SBJson.m"; sourceTree = "<group>"; };
		2B28542314D2DB6000C637E3 /* SBJson.h */ = {isa = PBXFileReference; fileEncoding = 4; lastKnownFileType = sourcecode.c.h; path = SBJson.h; sourceTree = "<group>"; };
		2B28542414D2DB6000C637E3 /* SBJsonParser.h */ = {isa = PBXFileReference; fileEncoding = 4; lastKnownFileType = sourcecode.c.h; path = SBJsonParser.h; sourceTree = "<group>"; };
		2B28542514D2DB6000C637E3 /* SBJsonParser.m */ = {isa = PBXFileReference; fileEncoding = 4; lastKnownFileType = sourcecode.c.objc; path = SBJsonParser.m; sourceTree = "<group>"; };
		2B28542614D2DB6100C637E3 /* SBJsonStreamParser.h */ = {isa = PBXFileReference; fileEncoding = 4; lastKnownFileType = sourcecode.c.h; path = SBJsonStreamParser.h; sourceTree = "<group>"; };
		2B28542714D2DB6100C637E3 /* SBJsonStreamParser.m */ = {isa = PBXFileReference; fileEncoding = 4; lastKnownFileType = sourcecode.c.objc; path = SBJsonStreamParser.m; sourceTree = "<group>"; };
		2B28542814D2DB6100C637E3 /* SBJsonStreamParserAccumulator.h */ = {isa = PBXFileReference; fileEncoding = 4; lastKnownFileType = sourcecode.c.h; path = SBJsonStreamParserAccumulator.h; sourceTree = "<group>"; };
		2B28542914D2DB6100C637E3 /* SBJsonStreamParserAccumulator.m */ = {isa = PBXFileReference; fileEncoding = 4; lastKnownFileType = sourcecode.c.objc; path = SBJsonStreamParserAccumulator.m; sourceTree = "<group>"; };
		2B28542A14D2DB6100C637E3 /* SBJsonStreamParserAdapter.h */ = {isa = PBXFileReference; fileEncoding = 4; lastKnownFileType = sourcecode.c.h; path = SBJsonStreamParserAdapter.h; sourceTree = "<group>"; };
		2B28542B14D2DB6100C637E3 /* SBJsonStreamParserAdapter.m */ = {isa = PBXFileReference; fileEncoding = 4; lastKnownFileType = sourcecode.c.objc; path = SBJsonStreamParserAdapter.m; sourceTree = "<group>"; };
		2B28542C14D2DB6100C637E3 /* SBJsonStreamParserState.h */ = {isa = PBXFileReference; fileEncoding = 4; lastKnownFileType = sourcecode.c.h; path = SBJsonStreamParserState.h; sourceTree = "<group>"; };
		2B28542D14D2DB6200C637E3 /* SBJsonStreamParserState.m */ = {isa = PBXFileReference; fileEncoding = 4; lastKnownFileType = sourcecode.c.objc; path = SBJsonStreamParserState.m; sourceTree = "<group>"; };
		2B28542E14D2DB6200C637E3 /* SBJsonStreamWriter.h */ = {isa = PBXFileReference; fileEncoding = 4; lastKnownFileType = sourcecode.c.h; path = SBJsonStreamWriter.h; sourceTree = "<group>"; };
		2B28542F14D2DB6200C637E3 /* SBJsonStreamWriter.m */ = {isa = PBXFileReference; fileEncoding = 4; lastKnownFileType = sourcecode.c.objc; path = SBJsonStreamWriter.m; sourceTree = "<group>"; };
		2B28543014D2DB6200C637E3 /* SBJsonStreamWriterAccumulator.h */ = {isa = PBXFileReference; fileEncoding = 4; lastKnownFileType = sourcecode.c.h; path = SBJsonStreamWriterAccumulator.h; sourceTree = "<group>"; };
		2B28543114D2DB6200C637E3 /* SBJsonStreamWriterAccumulator.m */ = {isa = PBXFileReference; fileEncoding = 4; lastKnownFileType = sourcecode.c.objc; path = SBJsonStreamWriterAccumulator.m; sourceTree = "<group>"; };
		2B28543214D2DB6200C637E3 /* SBJsonStreamWriterState.h */ = {isa = PBXFileReference; fileEncoding = 4; lastKnownFileType = sourcecode.c.h; path = SBJsonStreamWriterState.h; sourceTree = "<group>"; };
		2B28543314D2DB6200C637E3 /* SBJsonStreamWriterState.m */ = {isa = PBXFileReference; fileEncoding = 4; lastKnownFileType = sourcecode.c.objc; path = SBJsonStreamWriterState.m; sourceTree = "<group>"; };
		2B28543414D2DB6200C637E3 /* SBJsonTokeniser.h */ = {isa = PBXFileReference; fileEncoding = 4; lastKnownFileType = sourcecode.c.h; path = SBJsonTokeniser.h; sourceTree = "<group>"; };
		2B28543514D2DB6300C637E3 /* SBJsonTokeniser.m */ = {isa = PBXFileReference; fileEncoding = 4; lastKnownFileType = sourcecode.c.objc; path = SBJsonTokeniser.m; sourceTree = "<group>"; };
		2B28543614D2DB6300C637E3 /* SBJsonUTF8Stream.h */ = {isa = PBXFileReference; fileEncoding = 4; lastKnownFileType = sourcecode.c.h; path = SBJsonUTF8Stream.h; sourceTree = "<group>"; };
		2B28543714D2DB6300C637E3 /* SBJsonUTF8Stream.m */ = {isa = PBXFileReference; fileEncoding = 4; lastKnownFileType = sourcecode.c.objc; path = SBJsonUTF8Stream.m; sourceTree = "<group>"; };
		2B28543814D2DB6300C637E3 /* SBJsonWriter.h */ = {isa = PBXFileReference; fileEncoding = 4; lastKnownFileType = sourcecode.c.h; path = SBJsonWriter.h; sourceTree = "<group>"; };
		2B28543914D2DB6300C637E3 /* SBJsonWriter.m */ = {isa = PBXFileReference; fileEncoding = 4; lastKnownFileType = sourcecode.c.objc; path = SBJsonWriter.m; sourceTree = "<group>"; };
		2B28544B14D2F6C500C637E3 /* CoreLocation.framework */ = {isa = PBXFileReference; lastKnownFileType = wrapper.framework; name = CoreLocation.framework; path = System/Library/Frameworks/CoreLocation.framework; sourceTree = SDKROOT; };
		2B50857A14DBFF200030A045 /* icon@2x.png */ = {isa = PBXFileReference; lastKnownFileType = image.png; path = "icon@2x.png"; sourceTree = "<group>"; };
		2B50857C14DBFF230030A045 /* icon.png */ = {isa = PBXFileReference; lastKnownFileType = image.png; path = icon.png; sourceTree = "<group>"; };
		2B50857E14DC024D0030A045 /* QuartzCore.framework */ = {isa = PBXFileReference; lastKnownFileType = wrapper.framework; name = QuartzCore.framework; path = System/Library/Frameworks/QuartzCore.framework; sourceTree = SDKROOT; };
		2B50858114DC038D0030A045 /* ButtonWithColor.h */ = {isa = PBXFileReference; fileEncoding = 4; lastKnownFileType = sourcecode.c.h; path = ButtonWithColor.h; sourceTree = "<group>"; };
		2B50858214DC038D0030A045 /* ButtonWithColor.m */ = {isa = PBXFileReference; fileEncoding = 4; lastKnownFileType = sourcecode.c.objc; path = ButtonWithColor.m; sourceTree = "<group>"; };
		2B7568AA14E468BF00AD168D /* OAuthRequestController.h */ = {isa = PBXFileReference; fileEncoding = 4; lastKnownFileType = sourcecode.c.h; path = OAuthRequestController.h; sourceTree = "<group>"; };
		2B7568AB14E468BF00AD168D /* OAuthRequestController.m */ = {isa = PBXFileReference; fileEncoding = 4; lastKnownFileType = sourcecode.c.objc; path = OAuthRequestController.m; sourceTree = "<group>"; };
		2B7568AC14E468BF00AD168D /* OAuthRequestController.xib */ = {isa = PBXFileReference; fileEncoding = 4; lastKnownFileType = file.xib; path = OAuthRequestController.xib; sourceTree = "<group>"; };
		2B7568AF14E46CCE00AD168D /* MobileCoreServices.framework */ = {isa = PBXFileReference; lastKnownFileType = wrapper.framework; name = MobileCoreServices.framework; path = System/Library/Frameworks/MobileCoreServices.framework; sourceTree = SDKROOT; };
		2B7568B214E474FC00AD168D /* PachubeAppCredentials-Sample.h */ = {isa = PBXFileReference; fileEncoding = 4; lastKnownFileType = sourcecode.c.h; path = "PachubeAppCredentials-Sample.h"; sourceTree = "<group>"; };
		2B7568B414E4766600AD168D /* PachubeAppCredentials.h */ = {isa = PBXFileReference; fileEncoding = 4; lastKnownFileType = sourcecode.c.h; path = PachubeAppCredentials.h; sourceTree = "<group>"; };
		2BB8548914E69EE000A1B0F4 /* Feed.h */ = {isa = PBXFileReference; fileEncoding = 4; lastKnownFileType = sourcecode.c.h; path = Feed.h; sourceTree = "<group>"; };
		2BB8548A14E69EE000A1B0F4 /* Feed.m */ = {isa = PBXFileReference; fileEncoding = 4; lastKnownFileType = sourcecode.c.objc; path = Feed.m; sourceTree = "<group>"; };
		2BB8549014E6A20A00A1B0F4 /* FeedDelegate.h */ = {isa = PBXFileReference; fileEncoding = 4; lastKnownFileType = sourcecode.c.h; path = FeedDelegate.h; sourceTree = "<group>"; };
		2BB8549114E6A20A00A1B0F4 /* FeedDelegate.m */ = {isa = PBXFileReference; fileEncoding = 4; lastKnownFileType = sourcecode.c.objc; path = FeedDelegate.m; sourceTree = "<group>"; };
/* End PBXFileReference section */

/* Begin PBXFrameworksBuildPhase section */
		2B2853E714D2B46500C637E3 /* Frameworks */ = {
			isa = PBXFrameworksBuildPhase;
			buildActionMask = 2147483647;
			files = (
				2B7568B114E46CD900AD168D /* MobileCoreServices.framework in Frameworks */,
				2B50858014DC02670030A045 /* QuartzCore.framework in Frameworks */,
				2B28544C14D2F6C500C637E3 /* CoreLocation.framework in Frameworks */,
				2B2853EF14D2B46500C637E3 /* UIKit.framework in Frameworks */,
				2B2853F114D2B46500C637E3 /* Foundation.framework in Frameworks */,
				2B2853F314D2B46500C637E3 /* CoreGraphics.framework in Frameworks */,
			);
			runOnlyForDeploymentPostprocessing = 0;
		};
/* End PBXFrameworksBuildPhase section */

/* Begin PBXGroup section */
		2B2853DF14D2B46400C637E3 = {
			isa = PBXGroup;
			children = (
				2B50857C14DBFF230030A045 /* icon.png */,
				2B50857A14DBFF200030A045 /* icon@2x.png */,
				2B2853F414D2B46500C637E3 /* IoTally */,
				2B2853ED14D2B46500C637E3 /* Frameworks */,
				2B2853EB14D2B46500C637E3 /* Products */,
			);
			sourceTree = "<group>";
		};
		2B2853EB14D2B46500C637E3 /* Products */ = {
			isa = PBXGroup;
			children = (
				2B2853EA14D2B46500C637E3 /* IoTally.app */,
			);
			name = Products;
			sourceTree = "<group>";
		};
		2B2853ED14D2B46500C637E3 /* Frameworks */ = {
			isa = PBXGroup;
			children = (
				2B7568AF14E46CCE00AD168D /* MobileCoreServices.framework */,
				2B50857E14DC024D0030A045 /* QuartzCore.framework */,
				2B28544B14D2F6C500C637E3 /* CoreLocation.framework */,
				2B2853EE14D2B46500C637E3 /* UIKit.framework */,
				2B2853F014D2B46500C637E3 /* Foundation.framework */,
				2B2853F214D2B46500C637E3 /* CoreGraphics.framework */,
			);
			name = Frameworks;
			sourceTree = "<group>";
		};
		2B2853F414D2B46500C637E3 /* IoTally */ = {
			isa = PBXGroup;
			children = (
				2B7568A914E4685500AD168D /* CKSparkline */,
				2B7568A514E467C700AD168D /* SBJson */,
				2B7568A714E467FF00AD168D /* Classes */,
				2B28541D14D2B7DF00C637E3 /* 78-stopwatch.png */,
				2B28541E14D2B7DF00C637E3 /* 78-stopwatch@2x.png */,
				2B28541914D2B68700C637E3 /* 157-wrench.png */,
				2B28541A14D2B68700C637E3 /* 157-wrench@2x.png */,
				2B2853FD14D2B46500C637E3 /* AppDelegate.h */,
				2B2853FE14D2B46500C637E3 /* AppDelegate.m */,
				2B28540314D2B46500C637E3 /* first.png */,
				2B28540514D2B46500C637E3 /* first@2x.png */,
				2B28540A14D2B46500C637E3 /* second.png */,
				2B28540C14D2B46500C637E3 /* second@2x.png */,
				2B2853F514D2B46500C637E3 /* Supporting Files */,
				2B50858114DC038D0030A045 /* ButtonWithColor.h */,
				2B50858214DC038D0030A045 /* ButtonWithColor.m */,
			);
			path = IoTally;
			sourceTree = "<group>";
		};
		2B2853F514D2B46500C637E3 /* Supporting Files */ = {
			isa = PBXGroup;
			children = (
				2B2853F614D2B46500C637E3 /* IoTally-Info.plist */,
				2B2853F714D2B46500C637E3 /* InfoPlist.strings */,
				2B2853FA14D2B46500C637E3 /* main.m */,
				2B2853FC14D2B46500C637E3 /* IoTally-Prefix.pch */,
				2B7568B214E474FC00AD168D /* PachubeAppCredentials-Sample.h */,
				2B7568B414E4766600AD168D /* PachubeAppCredentials.h */,
			);
			name = "Supporting Files";
			sourceTree = "<group>";
		};
		2B7568A514E467C700AD168D /* SBJson */ = {
			isa = PBXGroup;
			children = (
				2B28542114D2DB6000C637E3 /* NSObject+SBJson.h */,
				2B28542214D2DB6000C637E3 /* NSObject+SBJson.m */,
				2B28542314D2DB6000C637E3 /* SBJson.h */,
				2B28542414D2DB6000C637E3 /* SBJsonParser.h */,
				2B28542514D2DB6000C637E3 /* SBJsonParser.m */,
				2B28542614D2DB6100C637E3 /* SBJsonStreamParser.h */,
				2B28542714D2DB6100C637E3 /* SBJsonStreamParser.m */,
				2B28542814D2DB6100C637E3 /* SBJsonStreamParserAccumulator.h */,
				2B28542914D2DB6100C637E3 /* SBJsonStreamParserAccumulator.m */,
				2B28542A14D2DB6100C637E3 /* SBJsonStreamParserAdapter.h */,
				2B28542B14D2DB6100C637E3 /* SBJsonStreamParserAdapter.m */,
				2B28542C14D2DB6100C637E3 /* SBJsonStreamParserState.h */,
				2B28542D14D2DB6200C637E3 /* SBJsonStreamParserState.m */,
				2B28542E14D2DB6200C637E3 /* SBJsonStreamWriter.h */,
				2B28542F14D2DB6200C637E3 /* SBJsonStreamWriter.m */,
				2B28543014D2DB6200C637E3 /* SBJsonStreamWriterAccumulator.h */,
				2B28543114D2DB6200C637E3 /* SBJsonStreamWriterAccumulator.m */,
				2B28543214D2DB6200C637E3 /* SBJsonStreamWriterState.h */,
				2B28543314D2DB6200C637E3 /* SBJsonStreamWriterState.m */,
				2B28543414D2DB6200C637E3 /* SBJsonTokeniser.h */,
				2B28543514D2DB6300C637E3 /* SBJsonTokeniser.m */,
				2B28543614D2DB6300C637E3 /* SBJsonUTF8Stream.h */,
				2B28543714D2DB6300C637E3 /* SBJsonUTF8Stream.m */,
				2B28543814D2DB6300C637E3 /* SBJsonWriter.h */,
				2B28543914D2DB6300C637E3 /* SBJsonWriter.m */,
			);
			name = SBJson;
			sourceTree = "<group>";
		};
		2B7568A714E467FF00AD168D /* Classes */ = {
			isa = PBXGroup;
			children = (
				2BB8548814E69ECD00A1B0F4 /* Models */,
				2BB8548614E69EBD00A1B0F4 /* Views */,
				2B7568A814E4682600AD168D /* Controllers */,
			);
			name = Classes;
			sourceTree = "<group>";
		};
		2B7568A814E4682600AD168D /* Controllers */ = {
			isa = PBXGroup;
			children = (
				2B28540014D2B46500C637E3 /* TallyViewController.h */,
				2B28540114D2B46500C637E3 /* TallyViewController.m */,
				2B28540714D2B46500C637E3 /* SettingsViewController.h */,
				2B28540814D2B46500C637E3 /* SettingsViewController.m */,
				2B7568AA14E468BF00AD168D /* OAuthRequestController.h */,
				2B7568AB14E468BF00AD168D /* OAuthRequestController.m */,
			);
			name = Controllers;
			sourceTree = "<group>";
		};
		2B7568A914E4685500AD168D /* CKSparkline */ = {
			isa = PBXGroup;
			children = (
				2B0F7BF514D9C3FB007D9B34 /* CKSparkline.h */,
				2B0F7BF614D9C3FB007D9B34 /* CKSparkline.m */,
			);
			name = CKSparkline;
			sourceTree = "<group>";
		};
		2BB8548614E69EBD00A1B0F4 /* Views */ = {
			isa = PBXGroup;
			children = (
				2B28540E14D2B46500C637E3 /* TallyViewController.xib */,
				2B28541114D2B46500C637E3 /* SettingsViewController.xib */,
				2B7568AC14E468BF00AD168D /* OAuthRequestController.xib */,
			);
			name = Views;
			sourceTree = "<group>";
		};
		2BB8548814E69ECD00A1B0F4 /* Models */ = {
			isa = PBXGroup;
			children = (
				2BB8548914E69EE000A1B0F4 /* Feed.h */,
				2BB8548A14E69EE000A1B0F4 /* Feed.m */,
				2BB8549014E6A20A00A1B0F4 /* FeedDelegate.h */,
				2BB8549114E6A20A00A1B0F4 /* FeedDelegate.m */,
			);
			name = Models;
			sourceTree = "<group>";
		};
/* End PBXGroup section */

/* Begin PBXNativeTarget section */
		2B2853E914D2B46500C637E3 /* IoTally */ = {
			isa = PBXNativeTarget;
			buildConfigurationList = 2B28541614D2B46500C637E3 /* Build configuration list for PBXNativeTarget "IoTally" */;
			buildPhases = (
				2B2853E614D2B46500C637E3 /* Sources */,
				2B2853E714D2B46500C637E3 /* Frameworks */,
				2B2853E814D2B46500C637E3 /* Resources */,
			);
			buildRules = (
			);
			dependencies = (
			);
			name = IoTally;
			productName = IoTally;
			productReference = 2B2853EA14D2B46500C637E3 /* IoTally.app */;
			productType = "com.apple.product-type.application";
		};
/* End PBXNativeTarget section */

/* Begin PBXProject section */
		2B2853E114D2B46400C637E3 /* Project object */ = {
			isa = PBXProject;
			attributes = {
				LastUpgradeCheck = 0420;
			};
			buildConfigurationList = 2B2853E414D2B46400C637E3 /* Build configuration list for PBXProject "IoTally" */;
			compatibilityVersion = "Xcode 3.2";
			developmentRegion = English;
			hasScannedForEncodings = 0;
			knownRegions = (
				en,
			);
			mainGroup = 2B2853DF14D2B46400C637E3;
			productRefGroup = 2B2853EB14D2B46500C637E3 /* Products */;
			projectDirPath = "";
			projectRoot = "";
			targets = (
				2B2853E914D2B46500C637E3 /* IoTally */,
			);
		};
/* End PBXProject section */

/* Begin PBXResourcesBuildPhase section */
		2B2853E814D2B46500C637E3 /* Resources */ = {
			isa = PBXResourcesBuildPhase;
			buildActionMask = 2147483647;
			files = (
				2B2853F914D2B46500C637E3 /* InfoPlist.strings in Resources */,
				2B28540414D2B46500C637E3 /* first.png in Resources */,
				2B28540614D2B46500C637E3 /* first@2x.png in Resources */,
				2B28540B14D2B46500C637E3 /* second.png in Resources */,
				2B28540D14D2B46500C637E3 /* second@2x.png in Resources */,
				2B28541014D2B46500C637E3 /* TallyViewController.xib in Resources */,
				2B28541314D2B46500C637E3 /* SettingsViewController.xib in Resources */,
				2B28541B14D2B68700C637E3 /* 157-wrench.png in Resources */,
				2B28541C14D2B68700C637E3 /* 157-wrench@2x.png in Resources */,
				2B28541F14D2B7DF00C637E3 /* 78-stopwatch.png in Resources */,
				2B28542014D2B7DF00C637E3 /* 78-stopwatch@2x.png in Resources */,
				2B50857B14DBFF200030A045 /* icon@2x.png in Resources */,
				2B50857D14DBFF230030A045 /* icon.png in Resources */,
				2B7568AE14E468BF00AD168D /* OAuthRequestController.xib in Resources */,
			);
			runOnlyForDeploymentPostprocessing = 0;
		};
/* End PBXResourcesBuildPhase section */

/* Begin PBXSourcesBuildPhase section */
		2B2853E614D2B46500C637E3 /* Sources */ = {
			isa = PBXSourcesBuildPhase;
			buildActionMask = 2147483647;
			files = (
				2B2853FB14D2B46500C637E3 /* main.m in Sources */,
				2B2853FF14D2B46500C637E3 /* AppDelegate.m in Sources */,
				2B28540214D2B46500C637E3 /* TallyViewController.m in Sources */,
				2B28540914D2B46500C637E3 /* SettingsViewController.m in Sources */,
				2B28543A14D2DB6300C637E3 /* NSObject+SBJson.m in Sources */,
				2B28543B14D2DB6300C637E3 /* SBJsonParser.m in Sources */,
				2B28543C14D2DB6300C637E3 /* SBJsonStreamParser.m in Sources */,
				2B28543D14D2DB6300C637E3 /* SBJsonStreamParserAccumulator.m in Sources */,
				2B28543E14D2DB6300C637E3 /* SBJsonStreamParserAdapter.m in Sources */,
				2B28543F14D2DB6300C637E3 /* SBJsonStreamParserState.m in Sources */,
				2B28544014D2DB6300C637E3 /* SBJsonStreamWriter.m in Sources */,
				2B28544114D2DB6300C637E3 /* SBJsonStreamWriterAccumulator.m in Sources */,
				2B28544214D2DB6300C637E3 /* SBJsonStreamWriterState.m in Sources */,
				2B28544314D2DB6300C637E3 /* SBJsonTokeniser.m in Sources */,
				2B28544414D2DB6300C637E3 /* SBJsonUTF8Stream.m in Sources */,
				2B28544514D2DB6300C637E3 /* SBJsonWriter.m in Sources */,
				2B0F7BF714D9C3FB007D9B34 /* CKSparkline.m in Sources */,
				2B50858314DC038D0030A045 /* ButtonWithColor.m in Sources */,
				2B7568AD14E468BF00AD168D /* OAuthRequestController.m in Sources */,
				2BB8548B14E69EE000A1B0F4 /* Feed.m in Sources */,
				2BB8549214E6A20A00A1B0F4 /* FeedDelegate.m in Sources */,
			);
			runOnlyForDeploymentPostprocessing = 0;
		};
/* End PBXSourcesBuildPhase section */

/* Begin PBXVariantGroup section */
		2B2853F714D2B46500C637E3 /* InfoPlist.strings */ = {
			isa = PBXVariantGroup;
			children = (
				2B2853F814D2B46500C637E3 /* en */,
			);
			name = InfoPlist.strings;
			sourceTree = "<group>";
		};
		2B28540E14D2B46500C637E3 /* TallyViewController.xib */ = {
			isa = PBXVariantGroup;
			children = (
				2B28540F14D2B46500C637E3 /* en */,
			);
			name = TallyViewController.xib;
			sourceTree = "<group>";
		};
		2B28541114D2B46500C637E3 /* SettingsViewController.xib */ = {
			isa = PBXVariantGroup;
			children = (
				2B28541214D2B46500C637E3 /* en */,
			);
			name = SettingsViewController.xib;
			sourceTree = "<group>";
		};
/* End PBXVariantGroup section */

/* Begin XCBuildConfiguration section */
		2B28541414D2B46500C637E3 /* Debug */ = {
			isa = XCBuildConfiguration;
			buildSettings = {
				ALWAYS_SEARCH_USER_PATHS = NO;
				ARCHS = "$(ARCHS_STANDARD_32_BIT)";
				CLANG_ENABLE_OBJC_ARC = YES;
				"CODE_SIGN_IDENTITY[sdk=iphoneos*]" = "iPhone Developer";
				COPY_PHASE_STRIP = NO;
				GCC_C_LANGUAGE_STANDARD = gnu99;
				GCC_DYNAMIC_NO_PIC = NO;
				GCC_OPTIMIZATION_LEVEL = 0;
				GCC_PREPROCESSOR_DEFINITIONS = (
					"DEBUG=1",
					"$(inherited)",
				);
				GCC_SYMBOLS_PRIVATE_EXTERN = NO;
				GCC_VERSION = com.apple.compilers.llvm.clang.1_0;
				GCC_WARN_ABOUT_MISSING_PROTOTYPES = YES;
				GCC_WARN_ABOUT_RETURN_TYPE = YES;
				GCC_WARN_UNUSED_VARIABLE = YES;
				IPHONEOS_DEPLOYMENT_TARGET = 5.0;
				SDKROOT = iphoneos;
			};
			name = Debug;
		};
		2B28541514D2B46500C637E3 /* Release */ = {
			isa = XCBuildConfiguration;
			buildSettings = {
				ALWAYS_SEARCH_USER_PATHS = NO;
				ARCHS = "$(ARCHS_STANDARD_32_BIT)";
				CLANG_ENABLE_OBJC_ARC = YES;
				"CODE_SIGN_IDENTITY[sdk=iphoneos*]" = "iPhone Distribution: Purebreeze Ltd";
				COPY_PHASE_STRIP = YES;
				GCC_C_LANGUAGE_STANDARD = gnu99;
				GCC_VERSION = com.apple.compilers.llvm.clang.1_0;
				GCC_WARN_ABOUT_MISSING_PROTOTYPES = YES;
				GCC_WARN_ABOUT_RETURN_TYPE = YES;
				GCC_WARN_UNUSED_VARIABLE = YES;
				IPHONEOS_DEPLOYMENT_TARGET = 5.0;
				OTHER_CFLAGS = "-DNS_BLOCK_ASSERTIONS=1";
				"PROVISIONING_PROFILE[sdk=iphoneos*]" = "FD014E5D-6CB5-438E-8831-627166C64D46";
				SDKROOT = iphoneos;
				VALIDATE_PRODUCT = YES;
			};
			name = Release;
		};
		2B28541714D2B46500C637E3 /* Debug */ = {
			isa = XCBuildConfiguration;
			buildSettings = {
				GCC_PRECOMPILE_PREFIX_HEADER = YES;
				GCC_PREFIX_HEADER = "IoTally/IoTally-Prefix.pch";
				HEADER_SEARCH_PATHS = "";
				INFOPLIST_FILE = "IoTally/IoTally-Info.plist";
				OTHER_LDFLAGS = "";
				PRODUCT_NAME = IoTally;
				WRAPPER_EXTENSION = app;
			};
			name = Debug;
		};
		2B28541814D2B46500C637E3 /* Release */ = {
			isa = XCBuildConfiguration;
			buildSettings = {
				GCC_PRECOMPILE_PREFIX_HEADER = YES;
				GCC_PREFIX_HEADER = "IoTally/IoTally-Prefix.pch";
				HEADER_SEARCH_PATHS = "";
				INFOPLIST_FILE = "IoTally/IoTally-Info.plist";
				OTHER_LDFLAGS = "";
				PRODUCT_NAME = IoTally;
				WRAPPER_EXTENSION = app;
			};
			name = Release;
		};
		2BE718FC14DC22FF00B530FC /* AdHoc */ = {
			isa = XCBuildConfiguration;
			buildSettings = {
				ALWAYS_SEARCH_USER_PATHS = NO;
				ARCHS = "$(ARCHS_STANDARD_32_BIT)";
				CLANG_ENABLE_OBJC_ARC = YES;
				"CODE_SIGN_IDENTITY[sdk=iphoneos*]" = "iPhone Distribution: Purebreeze Ltd";
				COPY_PHASE_STRIP = YES;
				GCC_C_LANGUAGE_STANDARD = gnu99;
				GCC_VERSION = com.apple.compilers.llvm.clang.1_0;
				GCC_WARN_ABOUT_MISSING_PROTOTYPES = YES;
				GCC_WARN_ABOUT_RETURN_TYPE = YES;
				GCC_WARN_UNUSED_VARIABLE = YES;
				IPHONEOS_DEPLOYMENT_TARGET = 5.0;
				OTHER_CFLAGS = "-DNS_BLOCK_ASSERTIONS=1";
				"PROVISIONING_PROFILE[sdk=iphoneos*]" = "54E0CEB0-A19B-4544-BFFC-AECE50CEDF39";
				SDKROOT = iphoneos;
				VALIDATE_PRODUCT = YES;
			};
			name = AdHoc;
		};
		2BE718FD14DC22FF00B530FC /* AdHoc */ = {
			isa = XCBuildConfiguration;
			buildSettings = {
				GCC_PRECOMPILE_PREFIX_HEADER = YES;
				GCC_PREFIX_HEADER = "IoTally/IoTally-Prefix.pch";
				HEADER_SEARCH_PATHS = "";
				INFOPLIST_FILE = "IoTally/IoTally-Info.plist";
				OTHER_LDFLAGS = "";
				PRODUCT_NAME = IoTally;
				WRAPPER_EXTENSION = app;
			};
			name = AdHoc;
		};
/* End XCBuildConfiguration section */

/* Begin XCConfigurationList section */
		2B2853E414D2B46400C637E3 /* Build configuration list for PBXProject "IoTally" */ = {
			isa = XCConfigurationList;
			buildConfigurations = (
				2B28541414D2B46500C637E3 /* Debug */,
				2B28541514D2B46500C637E3 /* Release */,
				2BE718FC14DC22FF00B530FC /* AdHoc */,
			);
			defaultConfigurationIsVisible = 0;
			defaultConfigurationName = Release;
		};
		2B28541614D2B46500C637E3 /* Build configuration list for PBXNativeTarget "IoTally" */ = {
			isa = XCConfigurationList;
			buildConfigurations = (
				2B28541714D2B46500C637E3 /* Debug */,
				2B28541814D2B46500C637E3 /* Release */,
				2BE718FD14DC22FF00B530FC /* AdHoc */,
			);
			defaultConfigurationIsVisible = 0;
			defaultConfigurationName = Release;
		};
/* End XCConfigurationList section */
	};
	rootObject = 2B2853E114D2B46400C637E3 /* Project object */;
}
